
Microsoft Visual Studio Solution File, Format Version 12.00
# Visual Studio Version 17
VisualStudioVersion = 17.5.33516.290
MinimumVisualStudioVersion = 10.0.40219.1
Project("{8BC9CEB8-8B4A-11D0-8D11-00A0C91BC942}") = "FirstRepoCPP", "FirstRepoCPP\FirstRepoCPP.vcxproj", "{7ED5CF46-83F4-4AF4-A12E-411CEACD2D10}"
EndProject
Global
	GlobalSection(SolutionConfigurationPlatforms) = preSolution
		Debug|x64 = Debug|x64
		Debug|x86 = Debug|x86
		Release|x64 = Release|x64
		Release|x86 = Release|x86
	EndGlobalSection
	GlobalSection(ProjectConfigurationPlatforms) = postSolution
		{7ED5CF46-83F4-4AF4-A12E-411CEACD2D10}.Debug|x64.ActiveCfg = Debug|x64
		{7ED5CF46-83F4-4AF4-A12E-411CEACD2D10}.Debug|x64.Build.0 = Debug|x64
		{7ED5CF46-83F4-4AF4-A12E-411CEACD2D10}.Debug|x86.ActiveCfg = Debug|Win32
		{7ED5CF46-83F4-4AF4-A12E-411CEACD2D10}.Debug|x86.Build.0 = Debug|Win32
		{7ED5CF46-83F4-4AF4-A12E-411CEACD2D10}.Release|x64.ActiveCfg = Release|x64
		{7ED5CF46-83F4-4AF4-A12E-411CEACD2D10}.Release|x64.Build.0 = Release|x64
		{7ED5CF46-83F4-4AF4-A12E-411CEACD2D10}.Release|x86.ActiveCfg = Release|Win32
		{7ED5CF46-83F4-4AF4-A12E-411CEACD2D10}.Release|x86.Build.0 = Release|Win32
	EndGlobalSection
	GlobalSection(SolutionProperties) = preSolution
		HideSolutionNode = FALSE
	EndGlobalSection
	GlobalSection(ExtensibilityGlobals) = postSolution
		SolutionGuid = {49FF09A1-01BC-40F4-934B-D5A527CE9761}
	EndGlobalSection
EndGlobal
